
Microsoft Visual Studio Solution File, Format Version 12.00
# Visual Studio Version 16
VisualStudioVersion = 16.0.29709.97
MinimumVisualStudioVersion = 10.0.40219.1
Project("{9A19103F-16F7-4668-BE54-9A1E7A4F7556}") = "StockAnalyzer.Core", "StockAnalyzer.Core\StockAnalyzer.Core.csproj", "{70DFC459-BBFD-43C8-A915-4F98C8EEE614}"
EndProject
Project("{FAE04EC0-301F-11D3-BF4B-00C04F79EFBC}") = "StockAnalyzer.Web", "StockAnalyzer.Web\StockAnalyzer.Web.csproj", "{661418E5-599A-4C94-B3AC-089EACBF2836}"
EndProject
Project("{9A19103F-16F7-4668-BE54-9A1E7A4F7556}") = "StockAnalyzer.CrossPlatform", "StockAnalyzer.CrossPlatform\StockAnalyzer.CrossPlatform.csproj", "{4829A236-0392-4378-BDC5-CE6D6741BB51}"
EndProject
Project("{9A19103F-16F7-4668-BE54-9A1E7A4F7556}") = "StockAnalyzer.Tests", "StockAnalyzer.Tests\StockAnalyzer.Tests.csproj", "{3E17A1E8-C44E-407F-8A20-755FBCD3BDEE}"
EndProject
Project("{9A19103F-16F7-4668-BE54-9A1E7A4F7556}") = "StockAnalyzer.AttachedDetatched", "StockAnalyzer.AttachedDetatched\StockAnalyzer.AttachedDetatched.csproj", "{4EA41B4F-7C78-4DFE-BBDD-CC595CE70B37}"
EndProject
Global
	GlobalSection(SolutionConfigurationPlatforms) = preSolution
		Debug|Any CPU = Debug|Any CPU
		Release|Any CPU = Release|Any CPU
	EndGlobalSection
	GlobalSection(ProjectConfigurationPlatforms) = postSolution
		{70DFC459-BBFD-43C8-A915-4F98C8EEE614}.Debug|Any CPU.ActiveCfg = Debug|Any CPU
		{70DFC459-BBFD-43C8-A915-4F98C8EEE614}.Debug|Any CPU.Build.0 = Debug|Any CPU
		{70DFC459-BBFD-43C8-A915-4F98C8EEE614}.Release|Any CPU.ActiveCfg = Release|Any CPU
		{70DFC459-BBFD-43C8-A915-4F98C8EEE614}.Release|Any CPU.Build.0 = Release|Any CPU
		{661418E5-599A-4C94-B3AC-089EACBF2836}.Debug|Any CPU.ActiveCfg = Debug|Any CPU
		{661418E5-599A-4C94-B3AC-089EACBF2836}.Debug|Any CPU.Build.0 = Debug|Any CPU
		{661418E5-599A-4C94-B3AC-089EACBF2836}.Release|Any CPU.ActiveCfg = Release|Any CPU
		{661418E5-599A-4C94-B3AC-089EACBF2836}.Release|Any CPU.Build.0 = Release|Any CPU
		{4829A236-0392-4378-BDC5-CE6D6741BB51}.Debug|Any CPU.ActiveCfg = Debug|Any CPU
		{4829A236-0392-4378-BDC5-CE6D6741BB51}.Debug|Any CPU.Build.0 = Debug|Any CPU
		{4829A236-0392-4378-BDC5-CE6D6741BB51}.Release|Any CPU.ActiveCfg = Release|Any CPU
		{4829A236-0392-4378-BDC5-CE6D6741BB51}.Release|Any CPU.Build.0 = Release|Any CPU
		{3E17A1E8-C44E-407F-8A20-755FBCD3BDEE}.Debug|Any CPU.ActiveCfg = Debug|Any CPU
		{3E17A1E8-C44E-407F-8A20-755FBCD3BDEE}.Debug|Any CPU.Build.0 = Debug|Any CPU
		{3E17A1E8-C44E-407F-8A20-755FBCD3BDEE}.Release|Any CPU.ActiveCfg = Release|Any CPU
		{3E17A1E8-C44E-407F-8A20-755FBCD3BDEE}.Release|Any CPU.Build.0 = Release|Any CPU
		{4EA41B4F-7C78-4DFE-BBDD-CC595CE70B37}.Debug|Any CPU.ActiveCfg = Debug|Any CPU
		{4EA41B4F-7C78-4DFE-BBDD-CC595CE70B37}.Debug|Any CPU.Build.0 = Debug|Any CPU
		{4EA41B4F-7C78-4DFE-BBDD-CC595CE70B37}.Release|Any CPU.ActiveCfg = Release|Any CPU
		{4EA41B4F-7C78-4DFE-BBDD-CC595CE70B37}.Release|Any CPU.Build.0 = Release|Any CPU
	EndGlobalSection
	GlobalSection(SolutionProperties) = preSolution
		HideSolutionNode = FALSE
	EndGlobalSection
	GlobalSection(ExtensibilityGlobals) = postSolution
		SolutionGuid = {0DB4AD09-3F7C-47B9-A956-8C311BB61853}
	EndGlobalSection
EndGlobal
