
Microsoft Visual Studio Solution File, Format Version 12.00
# Visual Studio Version 17
VisualStudioVersion = 17.2.32630.192
MinimumVisualStudioVersion = 10.0.40219.1
Project("{9A19103F-16F7-4668-BE54-9A1E7A4F7556}") = "StockAnalyzer.Core", "StockAnalyzer.Core\StockAnalyzer.Core.csproj", "{4571844D-AD38-44DA-B934-980858C5EB00}"
EndProject
Project("{FAE04EC0-301F-11D3-BF4B-00C04F79EFBC}") = "StockAnalyzer.Windows", "StockAnalyzer.Windows\StockAnalyzer.Windows.csproj", "{1F77C506-2FD9-44CC-924D-68747CD798D6}"
EndProject
Project("{FAE04EC0-301F-11D3-BF4B-00C04F79EFBC}") = "StockAnalyzer.Web", "StockAnalyzer.Web\StockAnalyzer.Web.csproj", "{B6E13DCF-B70D-4511-BC45-565F98F86721}"
EndProject
Global
	GlobalSection(SolutionConfigurationPlatforms) = preSolution
		Debug|Any CPU = Debug|Any CPU
		Release|Any CPU = Release|Any CPU
	EndGlobalSection
	GlobalSection(ProjectConfigurationPlatforms) = postSolution
		{4571844D-AD38-44DA-B934-980858C5EB00}.Debug|Any CPU.ActiveCfg = Debug|Any CPU
		{4571844D-AD38-44DA-B934-980858C5EB00}.Debug|Any CPU.Build.0 = Debug|Any CPU
		{4571844D-AD38-44DA-B934-980858C5EB00}.Release|Any CPU.ActiveCfg = Release|Any CPU
		{4571844D-AD38-44DA-B934-980858C5EB00}.Release|Any CPU.Build.0 = Release|Any CPU
		{1F77C506-2FD9-44CC-924D-68747CD798D6}.Debug|Any CPU.ActiveCfg = Debug|Any CPU
		{1F77C506-2FD9-44CC-924D-68747CD798D6}.Debug|Any CPU.Build.0 = Debug|Any CPU
		{1F77C506-2FD9-44CC-924D-68747CD798D6}.Release|Any CPU.ActiveCfg = Release|Any CPU
		{1F77C506-2FD9-44CC-924D-68747CD798D6}.Release|Any CPU.Build.0 = Release|Any CPU
		{B6E13DCF-B70D-4511-BC45-565F98F86721}.Debug|Any CPU.ActiveCfg = Debug|Any CPU
		{B6E13DCF-B70D-4511-BC45-565F98F86721}.Debug|Any CPU.Build.0 = Debug|Any CPU
		{B6E13DCF-B70D-4511-BC45-565F98F86721}.Release|Any CPU.ActiveCfg = Release|Any CPU
		{B6E13DCF-B70D-4511-BC45-565F98F86721}.Release|Any CPU.Build.0 = Release|Any CPU
	EndGlobalSection
	GlobalSection(SolutionProperties) = preSolution
		HideSolutionNode = FALSE
	EndGlobalSection
	GlobalSection(ExtensibilityGlobals) = postSolution
		SolutionGuid = {E7D0BC42-793A-4E5C-A148-955F6187C3FC}
	EndGlobalSection
EndGlobal
